// !$*UTF8*$!
{
	archiveVersion = 1;
	classes = {
	};
	objectVersion = 50;
	objects = {

/* Begin PBXBuildFile section */
		844588B52178A361002B57AB /* windowShopperTests.swift in Sources */ = {isa = PBXBuildFile; fileRef = 844588B42178A361002B57AB /* windowShopperTests.swift */; };
		844588BE2178A3D5002B57AB /* Wage.swift in Sources */ = {isa = PBXBuildFile; fileRef = 844588BD2178A3D5002B57AB /* Wage.swift */; };
		844588BF2178A7A3002B57AB /* Wage.swift in Sources */ = {isa = PBXBuildFile; fileRef = 844588BD2178A3D5002B57AB /* Wage.swift */; };
		84CA1EF621779C24001E39D5 /* AppDelegate.swift in Sources */ = {isa = PBXBuildFile; fileRef = 84CA1EF521779C24001E39D5 /* AppDelegate.swift */; };
		84CA1EF821779C24001E39D5 /* MainVC.swift in Sources */ = {isa = PBXBuildFile; fileRef = 84CA1EF721779C24001E39D5 /* MainVC.swift */; };
		84CA1EFB21779C24001E39D5 /* Main.storyboard in Resources */ = {isa = PBXBuildFile; fileRef = 84CA1EF921779C24001E39D5 /* Main.storyboard */; };
		84CA1EFD21779C25001E39D5 /* Assets.xcassets in Resources */ = {isa = PBXBuildFile; fileRef = 84CA1EFC21779C25001E39D5 /* Assets.xcassets */; };
		84CA1F0021779C25001E39D5 /* LaunchScreen.storyboard in Resources */ = {isa = PBXBuildFile; fileRef = 84CA1EFE21779C25001E39D5 /* LaunchScreen.storyboard */; };
		84CA1F0A2177A351001E39D5 /* CurrencyTextField.swift in Sources */ = {isa = PBXBuildFile; fileRef = 84CA1F092177A351001E39D5 /* CurrencyTextField.swift */; };
/* End PBXBuildFile section */

/* Begin PBXContainerItemProxy section */
		844588B72178A361002B57AB /* PBXContainerItemProxy */ = {
			isa = PBXContainerItemProxy;
			containerPortal = 84CA1EEA21779C24001E39D5 /* Project object */;
			proxyType = 1;
			remoteGlobalIDString = 84CA1EF121779C24001E39D5;
			remoteInfo = windowShopper;
		};
/* End PBXContainerItemProxy section */

/* Begin PBXFileReference section */
		844588B22178A361002B57AB /* windowShopperTests.xctest */ = {isa = PBXFileReference; explicitFileType = wrapper.cfbundle; includeInIndex = 0; path = windowShopperTests.xctest; sourceTree = BUILT_PRODUCTS_DIR; };
		844588B42178A361002B57AB /* windowShopperTests.swift */ = {isa = PBXFileReference; lastKnownFileType = sourcecode.swift; path = windowShopperTests.swift; sourceTree = "<group>"; };
		844588B62178A361002B57AB /* Info.plist */ = {isa = PBXFileReference; lastKnownFileType = text.plist.xml; path = Info.plist; sourceTree = "<group>"; };
		844588BD2178A3D5002B57AB /* Wage.swift */ = {isa = PBXFileReference; lastKnownFileType = sourcecode.swift; path = Wage.swift; sourceTree = "<group>"; };
		84CA1EF221779C24001E39D5 /* windowShopper.app */ = {isa = PBXFileReference; explicitFileType = wrapper.application; includeInIndex = 0; path = windowShopper.app; sourceTree = BUILT_PRODUCTS_DIR; };
		84CA1EF521779C24001E39D5 /* AppDelegate.swift */ = {isa = PBXFileReference; lastKnownFileType = sourcecode.swift; path = AppDelegate.swift; sourceTree = "<group>"; };
		84CA1EF721779C24001E39D5 /* MainVC.swift */ = {isa = PBXFileReference; lastKnownFileType = sourcecode.swift; path = MainVC.swift; sourceTree = "<group>"; };
		84CA1EFA21779C24001E39D5 /* Base */ = {isa = PBXFileReference; lastKnownFileType = file.storyboard; name = Base; path = Base.lproj/Main.storyboard; sourceTree = "<group>"; };
		84CA1EFC21779C25001E39D5 /* Assets.xcassets */ = {isa = PBXFileReference; lastKnownFileType = folder.assetcatalog; path = Assets.xcassets; sourceTree = "<group>"; };
		84CA1EFF21779C25001E39D5 /* Base */ = {isa = PBXFileReference; lastKnownFileType = file.storyboard; name = Base; path = Base.lproj/LaunchScreen.storyboard; sourceTree = "<group>"; };
		84CA1F0121779C25001E39D5 /* Info.plist */ = {isa = PBXFileReference; lastKnownFileType = text.plist.xml; path = Info.plist; sourceTree = "<group>"; };
		84CA1F092177A351001E39D5 /* CurrencyTextField.swift */ = {isa = PBXFileReference; lastKnownFileType = sourcecode.swift; path = CurrencyTextField.swift; sourceTree = "<group>"; };
/* End PBXFileReference section */

/* Begin PBXFrameworksBuildPhase section */
		844588AF2178A361002B57AB /* Frameworks */ = {
			isa = PBXFrameworksBuildPhase;
			buildActionMask = 2147483647;
			files = (
			);
			runOnlyForDeploymentPostprocessing = 0;
		};
		84CA1EEF21779C24001E39D5 /* Frameworks */ = {
			isa = PBXFrameworksBuildPhase;
			buildActionMask = 2147483647;
			files = (
			);
			runOnlyForDeploymentPostprocessing = 0;
		};
/* End PBXFrameworksBuildPhase section */

/* Begin PBXGroup section */
		844588B32178A361002B57AB /* windowShopperTests */ = {
			isa = PBXGroup;
			children = (
				844588B42178A361002B57AB /* windowShopperTests.swift */,
				844588B62178A361002B57AB /* Info.plist */,
			);
			path = windowShopperTests;
			sourceTree = "<group>";
		};
		844588BC2178A3A8002B57AB /* Model */ = {
			isa = PBXGroup;
			children = (
				844588BD2178A3D5002B57AB /* Wage.swift */,
			);
			path = Model;
			sourceTree = "<group>";
		};
		84CA1EE921779C24001E39D5 = {
			isa = PBXGroup;
			children = (
				84CA1EF421779C24001E39D5 /* windowShopper */,
				844588B32178A361002B57AB /* windowShopperTests */,
				84CA1EF321779C24001E39D5 /* Products */,
			);
			sourceTree = "<group>";
		};
		84CA1EF321779C24001E39D5 /* Products */ = {
			isa = PBXGroup;
			children = (
				84CA1EF221779C24001E39D5 /* windowShopper.app */,
				844588B22178A361002B57AB /* windowShopperTests.xctest */,
			);
			name = Products;
			sourceTree = "<group>";
		};
		84CA1EF421779C24001E39D5 /* windowShopper */ = {
			isa = PBXGroup;
			children = (
				844588BC2178A3A8002B57AB /* Model */,
				84CA1F082177A2F2001E39D5 /* Views */,
				84CA1F0721779F84001E39D5 /* Controller */,
				84CA1EF521779C24001E39D5 /* AppDelegate.swift */,
				84CA1EF921779C24001E39D5 /* Main.storyboard */,
				84CA1EFC21779C25001E39D5 /* Assets.xcassets */,
				84CA1EFE21779C25001E39D5 /* LaunchScreen.storyboard */,
				84CA1F0121779C25001E39D5 /* Info.plist */,
			);
			path = windowShopper;
			sourceTree = "<group>";
		};
		84CA1F0721779F84001E39D5 /* Controller */ = {
			isa = PBXGroup;
			children = (
				84CA1EF721779C24001E39D5 /* MainVC.swift */,
			);
			path = Controller;
			sourceTree = "<group>";
		};
		84CA1F082177A2F2001E39D5 /* Views */ = {
			isa = PBXGroup;
			children = (
				84CA1F092177A351001E39D5 /* CurrencyTextField.swift */,
			);
			path = Views;
			sourceTree = "<group>";
		};
/* End PBXGroup section */

/* Begin PBXNativeTarget section */
		844588B12178A361002B57AB /* windowShopperTests */ = {
			isa = PBXNativeTarget;
			buildConfigurationList = 844588BB2178A361002B57AB /* Build configuration list for PBXNativeTarget "windowShopperTests" */;
			buildPhases = (
				844588AE2178A361002B57AB /* Sources */,
				844588AF2178A361002B57AB /* Frameworks */,
				844588B02178A361002B57AB /* Resources */,
			);
			buildRules = (
			);
			dependencies = (
				844588B82178A361002B57AB /* PBXTargetDependency */,
			);
			name = windowShopperTests;
			productName = windowShopperTests;
			productReference = 844588B22178A361002B57AB /* windowShopperTests.xctest */;
			productType = "com.apple.product-type.bundle.unit-test";
		};
		84CA1EF121779C24001E39D5 /* windowShopper */ = {
			isa = PBXNativeTarget;
			buildConfigurationList = 84CA1F0421779C25001E39D5 /* Build configuration list for PBXNativeTarget "windowShopper" */;
			buildPhases = (
				84CA1EEE21779C24001E39D5 /* Sources */,
				84CA1EEF21779C24001E39D5 /* Frameworks */,
				84CA1EF021779C24001E39D5 /* Resources */,
			);
			buildRules = (
			);
			dependencies = (
			);
			name = windowShopper;
			productName = windowShopper;
			productReference = 84CA1EF221779C24001E39D5 /* windowShopper.app */;
			productType = "com.apple.product-type.application";
		};
/* End PBXNativeTarget section */

/* Begin PBXProject section */
		84CA1EEA21779C24001E39D5 /* Project object */ = {
			isa = PBXProject;
			attributes = {
				LastSwiftUpdateCheck = 1000;
				LastUpgradeCheck = 1000;
				ORGANIZATIONNAME = "Ramilia Imankulova";
				TargetAttributes = {
					844588B12178A361002B57AB = {
						CreatedOnToolsVersion = 10.0;
						TestTargetID = 84CA1EF121779C24001E39D5;
					};
					84CA1EF121779C24001E39D5 = {
						CreatedOnToolsVersion = 10.0;
					};
				};
			};
			buildConfigurationList = 84CA1EED21779C24001E39D5 /* Build configuration list for PBXProject "windowShopper" */;
			compatibilityVersion = "Xcode 9.3";
			developmentRegion = en;
			hasScannedForEncodings = 0;
			knownRegions = (
				en,
				Base,
			);
			mainGroup = 84CA1EE921779C24001E39D5;
			productRefGroup = 84CA1EF321779C24001E39D5 /* Products */;
			projectDirPath = "";
			projectRoot = "";
			targets = (
				84CA1EF121779C24001E39D5 /* windowShopper */,
				844588B12178A361002B57AB /* windowShopperTests */,
			);
		};
/* End PBXProject section */

/* Begin PBXResourcesBuildPhase section */
		844588B02178A361002B57AB /* Resources */ = {
			isa = PBXResourcesBuildPhase;
			buildActionMask = 2147483647;
			files = (
			);
			runOnlyForDeploymentPostprocessing = 0;
		};
		84CA1EF021779C24001E39D5 /* Resources */ = {
			isa = PBXResourcesBuildPhase;
			buildActionMask = 2147483647;
			files = (
				84CA1F0021779C25001E39D5 /* LaunchScreen.storyboard in Resources */,
				84CA1EFD21779C25001E39D5 /* Assets.xcassets in Resources */,
				84CA1EFB21779C24001E39D5 /* Main.storyboard in Resources */,
			);
			runOnlyForDeploymentPostprocessing = 0;
		};
/* End PBXResourcesBuildPhase section */

/* Begin PBXSourcesBuildPhase section */
		844588AE2178A361002B57AB /* Sources */ = {
			isa = PBXSourcesBuildPhase;
			buildActionMask = 2147483647;
			files = (
				844588B52178A361002B57AB /* windowShopperTests.swift in Sources */,
				844588BF2178A7A3002B57AB /* Wage.swift in Sources */,
			);
			runOnlyForDeploymentPostprocessing = 0;
		};
		84CA1EEE21779C24001E39D5 /* Sources */ = {
			isa = PBXSourcesBuildPhase;
			buildActionMask = 2147483647;
			files = (
				84CA1F0A2177A351001E39D5 /* CurrencyTextField.swift in Sources */,
				844588BE2178A3D5002B57AB /* Wage.swift in Sources */,
				84CA1EF821779C24001E39D5 /* MainVC.swift in Sources */,
				84CA1EF621779C24001E39D5 /* AppDelegate.swift in Sources */,
			);
			runOnlyForDeploymentPostprocessing = 0;
		};
/* End PBXSourcesBuildPhase section */

/* Begin PBXTargetDependency section */
		844588B82178A361002B57AB /* PBXTargetDependency */ = {
			isa = PBXTargetDependency;
			target = 84CA1EF121779C24001E39D5 /* windowShopper */;
			targetProxy = 844588B72178A361002B57AB /* PBXContainerItemProxy */;
		};
/* End PBXTargetDependency section */

/* Begin PBXVariantGroup section */
		84CA1EF921779C24001E39D5 /* Main.storyboard */ = {
			isa = PBXVariantGroup;
			children = (
				84CA1EFA21779C24001E39D5 /* Base */,
			);
			name = Main.storyboard;
			sourceTree = "<group>";
		};
		84CA1EFE21779C25001E39D5 /* LaunchScreen.storyboard */ = {
			isa = PBXVariantGroup;
			children = (
				84CA1EFF21779C25001E39D5 /* Base */,
			);
			name = LaunchScreen.storyboard;
			sourceTree = "<group>";
		};
/* End PBXVariantGroup section */

/* Begin XCBuildConfiguration section */
		844588B92178A361002B57AB /* Debug */ = {
			isa = XCBuildConfiguration;
			buildSettings = {
				BUNDLE_LOADER = "$(TEST_HOST)";
				CODE_SIGN_STYLE = Automatic;
				INFOPLIST_FILE = windowShopperTests/Info.plist;
				LD_RUNPATH_SEARCH_PATHS = (
					"$(inherited)",
					"@executable_path/Frameworks",
					"@loader_path/Frameworks",
				);
				PRODUCT_BUNDLE_IDENTIFIER = com.ramiliaimankulova.windowShopperTests;
				PRODUCT_NAME = "$(TARGET_NAME)";
				SWIFT_VERSION = 4.2;
				TARGETED_DEVICE_FAMILY = "1,2";
				TEST_HOST = "$(BUILT_PRODUCTS_DIR)/windowShopper.app/windowShopper";
			};
			name = Debug;
		};
		844588BA2178A361002B57AB /* Release */ = {
			isa = XCBuildConfiguration;
			buildSettings = {
				BUNDLE_LOADER = "$(TEST_HOST)";
				CODE_SIGN_STYLE = Automatic;
				INFOPLIST_FILE = windowShopperTests/Info.plist;
				LD_RUNPATH_SEARCH_PATHS = (
					"$(inherited)",
					"@executable_path/Frameworks",
					"@loader_path/Frameworks",
				);
				PRODUCT_BUNDLE_IDENTIFIER = com.ramiliaimankulova.windowShopperTests;
				PRODUCT_NAME = "$(TARGET_NAME)";
				SWIFT_VERSION = 4.2;
				TARGETED_DEVICE_FAMILY = "1,2";
				TEST_HOST = "$(BUILT_PRODUCTS_DIR)/windowShopper.app/windowShopper";
			};
			name = Release;
		};
		84CA1F0221779C25001E39D5 /* Debug */ = {
			isa = XCBuildConfiguration;
			buildSettings = {
				ALWAYS_SEARCH_USER_PATHS = NO;
				CLANG_ANALYZER_NONNULL = YES;
				CLANG_ANALYZER_NUMBER_OBJECT_CONVERSION = YES_AGGRESSIVE;
				CLANG_CXX_LANGUAGE_STANDARD = "gnu++14";
				CLANG_CXX_LIBRARY = "libc++";
				CLANG_ENABLE_MODULES = YES;
				CLANG_ENABLE_OBJC_ARC = YES;
				CLANG_ENABLE_OBJC_WEAK = YES;
				CLANG_WARN_BLOCK_CAPTURE_AUTORELEASING = YES;
				CLANG_WARN_BOOL_CONVERSION = YES;
				CLANG_WARN_COMMA = YES;
				CLANG_WARN_CONSTANT_CONVERSION = YES;
				CLANG_WARN_DEPRECATED_OBJC_IMPLEMENTATIONS = YES;
				CLANG_WARN_DIRECT_OBJC_ISA_USAGE = YES_ERROR;
				CLANG_WARN_DOCUMENTATION_COMMENTS = YES;
				CLANG_WARN_EMPTY_BODY = YES;
				CLANG_WARN_ENUM_CONVERSION = YES;
				CLANG_WARN_INFINITE_RECURSION = YES;
				CLANG_WARN_INT_CONVERSION = YES;
				CLANG_WARN_NON_LITERAL_NULL_CONVERSION = YES;
				CLANG_WARN_OBJC_IMPLICIT_RETAIN_SELF = YES;
				CLANG_WARN_OBJC_LITERAL_CONVERSION = YES;
				CLANG_WARN_OBJC_ROOT_CLASS = YES_ERROR;
				CLANG_WARN_RANGE_LOOP_ANALYSIS = YES;
				CLANG_WARN_STRICT_PROTOTYPES = YES;
				CLANG_WARN_SUSPICIOUS_MOVE = YES;
				CLANG_WARN_UNGUARDED_AVAILABILITY = YES_AGGRESSIVE;
				CLANG_WARN_UNREACHABLE_CODE = YES;
				CLANG_WARN__DUPLICATE_METHOD_MATCH = YES;
				CODE_SIGN_IDENTITY = "iPhone Developer";
				COPY_PHASE_STRIP = NO;
				DEBUG_INFORMATION_FORMAT = dwarf;
				ENABLE_STRICT_OBJC_MSGSEND = YES;
				ENABLE_TESTABILITY = YES;
				GCC_C_LANGUAGE_STANDARD = gnu11;
				GCC_DYNAMIC_NO_PIC = NO;
				GCC_NO_COMMON_BLOCKS = YES;
				GCC_OPTIMIZATION_LEVEL = 0;
				GCC_PREPROCESSOR_DEFINITIONS = (
					"DEBUG=1",
					"$(inherited)",
				);
				GCC_WARN_64_TO_32_BIT_CONVERSION = YES;
				GCC_WARN_ABOUT_RETURN_TYPE = YES_ERROR;
				GCC_WARN_UNDECLARED_SELECTOR = YES;
				GCC_WARN_UNINITIALIZED_AUTOS = YES_AGGRESSIVE;
				GCC_WARN_UNUSED_FUNCTION = YES;
				GCC_WARN_UNUSED_VARIABLE = YES;
				IPHONEOS_DEPLOYMENT_TARGET = 12.0;
				MTL_ENABLE_DEBUG_INFO = INCLUDE_SOURCE;
				MTL_FAST_MATH = YES;
				ONLY_ACTIVE_ARCH = YES;
				SDKROOT = iphoneos;
				SWIFT_ACTIVE_COMPILATION_CONDITIONS = DEBUG;
				SWIFT_OPTIMIZATION_LEVEL = "-Onone";
			};
			name = Debug;
		};
		84CA1F0321779C25001E39D5 /* Release */ = {
			isa = XCBuildConfiguration;
			buildSettings = {
				ALWAYS_SEARCH_USER_PATHS = NO;
				CLANG_ANALYZER_NONNULL = YES;
				CLANG_ANALYZER_NUMBER_OBJECT_CONVERSION = YES_AGGRESSIVE;
				CLANG_CXX_LANGUAGE_STANDARD = "gnu++14";
				CLANG_CXX_LIBRARY = "libc++";
				CLANG_ENABLE_MODULES = YES;
				CLANG_ENABLE_OBJC_ARC = YES;
				CLANG_ENABLE_OBJC_WEAK = YES;
				CLANG_WARN_BLOCK_CAPTURE_AUTORELEASING = YES;
				CLANG_WARN_BOOL_CONVERSION = YES;
				CLANG_WARN_COMMA = YES;
				CLANG_WARN_CONSTANT_CONVERSION = YES;
				CLANG_WARN_DEPRECATED_OBJC_IMPLEMENTATIONS = YES;
				CLANG_WARN_DIRECT_OBJC_ISA_USAGE = YES_ERROR;
				CLANG_WARN_DOCUMENTATION_COMMENTS = YES;
				CLANG_WARN_EMPTY_BODY = YES;
				CLANG_WARN_ENUM_CONVERSION = YES;
				CLANG_WARN_INFINITE_RECURSION = YES;
				CLANG_WARN_INT_CONVERSION = YES;
				CLANG_WARN_NON_LITERAL_NULL_CONVERSION = YES;
				CLANG_WARN_OBJC_IMPLICIT_RETAIN_SELF = YES;
				CLANG_WARN_OBJC_LITERAL_CONVERSION = YES;
				CLANG_WARN_OBJC_ROOT_CLASS = YES_ERROR;
				CLANG_WARN_RANGE_LOOP_ANALYSIS = YES;
				CLANG_WARN_STRICT_PROTOTYPES = YES;
				CLANG_WARN_SUSPICIOUS_MOVE = YES;
				CLANG_WARN_UNGUARDED_AVAILABILITY = YES_AGGRESSIVE;
				CLANG_WARN_UNREACHABLE_CODE = YES;
				CLANG_WARN__DUPLICATE_METHOD_MATCH = YES;
				CODE_SIGN_IDENTITY = "iPhone Developer";
				COPY_PHASE_STRIP = NO;
				DEBUG_INFORMATION_FORMAT = "dwarf-with-dsym";
				ENABLE_NS_ASSERTIONS = NO;
				ENABLE_STRICT_OBJC_MSGSEND = YES;
				GCC_C_LANGUAGE_STANDARD = gnu11;
				GCC_NO_COMMON_BLOCKS = YES;
				GCC_WARN_64_TO_32_BIT_CONVERSION = YES;
				GCC_WARN_ABOUT_RETURN_TYPE = YES_ERROR;
				GCC_WARN_UNDECLARED_SELECTOR = YES;
				GCC_WARN_UNINITIALIZED_AUTOS = YES_AGGRESSIVE;
				GCC_WARN_UNUSED_FUNCTION = YES;
				GCC_WARN_UNUSED_VARIABLE = YES;
				IPHONEOS_DEPLOYMENT_TARGET = 12.0;
				MTL_ENABLE_DEBUG_INFO = NO;
				MTL_FAST_MATH = YES;
				SDKROOT = iphoneos;
				SWIFT_COMPILATION_MODE = wholemodule;
				SWIFT_OPTIMIZATION_LEVEL = "-O";
				VALIDATE_PRODUCT = YES;
			};
			name = Release;
		};
		84CA1F0521779C25001E39D5 /* Debug */ = {
			isa = XCBuildConfiguration;
			buildSettings = {
				ASSETCATALOG_COMPILER_APPICON_NAME = AppIcon;
				CODE_SIGN_STYLE = Automatic;
				INFOPLIST_FILE = windowShopper/Info.plist;
				LD_RUNPATH_SEARCH_PATHS = (
					"$(inherited)",
					"@executable_path/Frameworks",
				);
				PRODUCT_BUNDLE_IDENTIFIER = com.ramiliaimankulova.windowShopper;
				PRODUCT_NAME = "$(TARGET_NAME)";
				SWIFT_VERSION = 4.2;
				TARGETED_DEVICE_FAMILY = "1,2";
			};
			name = Debug;
		};
		84CA1F0621779C25001E39D5 /* Release */ = {
			isa = XCBuildConfiguration;
			buildSettings = {
				ASSETCATALOG_COMPILER_APPICON_NAME = AppIcon;
				CODE_SIGN_STYLE = Automatic;
				INFOPLIST_FILE = windowShopper/Info.plist;
				LD_RUNPATH_SEARCH_PATHS = (
					"$(inherited)",
					"@executable_path/Frameworks",
				);
				PRODUCT_BUNDLE_IDENTIFIER = com.ramiliaimankulova.windowShopper;
				PRODUCT_NAME = "$(TARGET_NAME)";
				SWIFT_VERSION = 4.2;
				TARGETED_DEVICE_FAMILY = "1,2";
			};
			name = Release;
		};
/* End XCBuildConfiguration section */

/* Begin XCConfigurationList section */
		844588BB2178A361002B57AB /* Build configuration list for PBXNativeTarget "windowShopperTests" */ = {
			isa = XCConfigurationList;
			buildConfigurations = (
				844588B92178A361002B57AB /* Debug */,
				844588BA2178A361002B57AB /* Release */,
			);
			defaultConfigurationIsVisible = 0;
			defaultConfigurationName = Release;
		};
		84CA1EED21779C24001E39D5 /* Build configuration list for PBXProject "windowShopper" */ = {
			isa = XCConfigurationList;
			buildConfigurations = (
				84CA1F0221779C25001E39D5 /* Debug */,
				84CA1F0321779C25001E39D5 /* Release */,
			);
			defaultConfigurationIsVisible = 0;
			defaultConfigurationName = Release;
		};
		84CA1F0421779C25001E39D5 /* Build configuration list for PBXNativeTarget "windowShopper" */ = {
			isa = XCConfigurationList;
			buildConfigurations = (
				84CA1F0521779C25001E39D5 /* Debug */,
				84CA1F0621779C25001E39D5 /* Release */,
			);
			defaultConfigurationIsVisible = 0;
			defaultConfigurationName = Release;
		};
/* End XCConfigurationList section */
	};
	rootObject = 84CA1EEA21779C24001E39D5 /* Project object */;
}
